// !$*UTF8*$!
{
	archiveVersion = 1;
	classes = {
	};
	objectVersion = 56;
	objects = {

/* Begin PBXBuildFile section */
		E7D86AE12BF08C30001550ED /* AppDelegate.swift in Sources */ = {isa = PBXBuildFile; fileRef = E7D86AE02BF08C30001550ED /* AppDelegate.swift */; };
		E7D86AE32BF08C30001550ED /* SceneDelegate.swift in Sources */ = {isa = PBXBuildFile; fileRef = E7D86AE22BF08C30001550ED /* SceneDelegate.swift */; };
		E7D86AE52BF08C30001550ED /* ViewController.swift in Sources */ = {isa = PBXBuildFile; fileRef = E7D86AE42BF08C30001550ED /* ViewController.swift */; };
		E7D86AE82BF08C30001550ED /* Main.storyboard in Resources */ = {isa = PBXBuildFile; fileRef = E7D86AE62BF08C30001550ED /* Main.storyboard */; };
		E7D86AEB2BF08C30001550ED /* NewsApp.xcdatamodeld in Sources */ = {isa = PBXBuildFile; fileRef = E7D86AE92BF08C30001550ED /* NewsApp.xcdatamodeld */; };
		E7D86AED2BF08C32001550ED /* Assets.xcassets in Resources */ = {isa = PBXBuildFile; fileRef = E7D86AEC2BF08C32001550ED /* Assets.xcassets */; };
		E7D86AF02BF08C32001550ED /* LaunchScreen.storyboard in Resources */ = {isa = PBXBuildFile; fileRef = E7D86AEE2BF08C32001550ED /* LaunchScreen.storyboard */; };
		E7D86AFB2BF08C32001550ED /* NewsAppTests.swift in Sources */ = {isa = PBXBuildFile; fileRef = E7D86AFA2BF08C32001550ED /* NewsAppTests.swift */; };
		E7D86B052BF08C32001550ED /* NewsAppUITests.swift in Sources */ = {isa = PBXBuildFile; fileRef = E7D86B042BF08C32001550ED /* NewsAppUITests.swift */; };
		E7D86B072BF08C32001550ED /* NewsAppUITestsLaunchTests.swift in Sources */ = {isa = PBXBuildFile; fileRef = E7D86B062BF08C32001550ED /* NewsAppUITestsLaunchTests.swift */; };
		E7D86B142BF08D30001550ED /* UIImageTransformer.swift in Sources */ = {isa = PBXBuildFile; fileRef = E7D86B132BF08D30001550ED /* UIImageTransformer.swift */; };
		E7D86B162BF08D50001550ED /* CoreDataManager.swift in Sources */ = {isa = PBXBuildFile; fileRef = E7D86B152BF08D50001550ED /* CoreDataManager.swift */; };
		E7D86B182BF08D81001550ED /* CachedImage.swift in Sources */ = {isa = PBXBuildFile; fileRef = E7D86B172BF08D81001550ED /* CachedImage.swift */; };
		E7D86B1A2BF08EC1001550ED /* NewsListViewController.swift in Sources */ = {isa = PBXBuildFile; fileRef = E7D86B192BF08EC1001550ED /* NewsListViewController.swift */; };
		E7D86B1D2BF08F34001550ED /* FlexLayout in Frameworks */ = {isa = PBXBuildFile; productRef = E7D86B1C2BF08F34001550ED /* FlexLayout */; };
		E7D86B1F2BF08F34001550ED /* FlexLayoutYoga in Frameworks */ = {isa = PBXBuildFile; productRef = E7D86B1E2BF08F34001550ED /* FlexLayoutYoga */; };
		E7D86B212BF08F34001550ED /* FlexLayoutYogaKit in Frameworks */ = {isa = PBXBuildFile; productRef = E7D86B202BF08F34001550ED /* FlexLayoutYogaKit */; };
		E7D86B242BF08F4F001550ED /* PinLayout in Frameworks */ = {isa = PBXBuildFile; productRef = E7D86B232BF08F4F001550ED /* PinLayout */; };
		E7D86B272BF08F60001550ED /* Then in Frameworks */ = {isa = PBXBuildFile; productRef = E7D86B262BF08F60001550ED /* Then */; };
		E7D86B292BF08F9A001550ED /* NewsListViewModel.swift in Sources */ = {isa = PBXBuildFile; fileRef = E7D86B282BF08F9A001550ED /* NewsListViewModel.swift */; };
		E7D86B2B2BF08FB6001550ED /* NewsListDataSource.swift in Sources */ = {isa = PBXBuildFile; fileRef = E7D86B2A2BF08FB6001550ED /* NewsListDataSource.swift */; };
		E7D86B2D2BF08FD1001550ED /* NewsListSection.swift in Sources */ = {isa = PBXBuildFile; fileRef = E7D86B2C2BF08FD1001550ED /* NewsListSection.swift */; };
		E7D86B2F2BF08FEC001550ED /* NewsListSectionItem.swift in Sources */ = {isa = PBXBuildFile; fileRef = E7D86B2E2BF08FEC001550ED /* NewsListSectionItem.swift */; };
		E7D86B312BF09005001550ED /* NewsListModel.swift in Sources */ = {isa = PBXBuildFile; fileRef = E7D86B302BF09005001550ED /* NewsListModel.swift */; };
		E7D86B332BF0901C001550ED /* NewsIdentifiable.swift in Sources */ = {isa = PBXBuildFile; fileRef = E7D86B322BF0901C001550ED /* NewsIdentifiable.swift */; };
		E7D86B352BF090DD001550ED /* NewsItemCell.swift in Sources */ = {isa = PBXBuildFile; fileRef = E7D86B342BF090DD001550ED /* NewsItemCell.swift */; };
		E7D86B372BF09122001550ED /* PaddingItemCell.swift in Sources */ = {isa = PBXBuildFile; fileRef = E7D86B362BF09122001550ED /* PaddingItemCell.swift */; };
		E7D86B392BF092CE001550ED /* ViewModelType.swift in Sources */ = {isa = PBXBuildFile; fileRef = E7D86B382BF092CE001550ED /* ViewModelType.swift */; };
		E7D86B492BF096BB001550ED /* NetworkService.swift in Sources */ = {isa = PBXBuildFile; fileRef = E7D86B482BF096BB001550ED /* NetworkService.swift */; };
		E7D86B4B2BF09A1C001550ED /* APIType.swift in Sources */ = {isa = PBXBuildFile; fileRef = E7D86B4A2BF09A1C001550ED /* APIType.swift */; };
		E7D86B4D2BF09A72001550ED /* DefaultNewsListRepository.swift in Sources */ = {isa = PBXBuildFile; fileRef = E7D86B4C2BF09A72001550ED /* DefaultNewsListRepository.swift */; };
		E7D86B512BF09AB6001550ED /* NewsListRepository.swift in Sources */ = {isa = PBXBuildFile; fileRef = E7D86B502BF09AB6001550ED /* NewsListRepository.swift */; };
		E7D86B532BF0A0D6001550ED /* NetworkError.swift in Sources */ = {isa = PBXBuildFile; fileRef = E7D86B522BF0A0D6001550ED /* NetworkError.swift */; };
		E7D86B552BF0A2B6001550ED /* NewsListAPI.swift in Sources */ = {isa = PBXBuildFile; fileRef = E7D86B542BF0A2B6001550ED /* NewsListAPI.swift */; };
		E7D86B582BF0A58A001550ED /* NewsListResponseDTO+Mapping.swift in Sources */ = {isa = PBXBuildFile; fileRef = E7D86B572BF0A58A001550ED /* NewsListResponseDTO+Mapping.swift */; };
/* End PBXBuildFile section */

/* Begin PBXContainerItemProxy section */
		E7D86AF72BF08C32001550ED /* PBXContainerItemProxy */ = {
			isa = PBXContainerItemProxy;
			containerPortal = E7D86AD52BF08C30001550ED /* Project object */;
			proxyType = 1;
			remoteGlobalIDString = E7D86ADC2BF08C30001550ED;
			remoteInfo = NewsApp;
		};
		E7D86B012BF08C32001550ED /* PBXContainerItemProxy */ = {
			isa = PBXContainerItemProxy;
			containerPortal = E7D86AD52BF08C30001550ED /* Project object */;
			proxyType = 1;
			remoteGlobalIDString = E7D86ADC2BF08C30001550ED;
			remoteInfo = NewsApp;
		};
/* End PBXContainerItemProxy section */

/* Begin PBXFileReference section */
		E7D86ADD2BF08C30001550ED /* NewsApp.app */ = {isa = PBXFileReference; explicitFileType = wrapper.application; includeInIndex = 0; path = NewsApp.app; sourceTree = BUILT_PRODUCTS_DIR; };
		E7D86AE02BF08C30001550ED /* AppDelegate.swift */ = {isa = PBXFileReference; lastKnownFileType = sourcecode.swift; path = AppDelegate.swift; sourceTree = "<group>"; };
		E7D86AE22BF08C30001550ED /* SceneDelegate.swift */ = {isa = PBXFileReference; lastKnownFileType = sourcecode.swift; path = SceneDelegate.swift; sourceTree = "<group>"; };
		E7D86AE42BF08C30001550ED /* ViewController.swift */ = {isa = PBXFileReference; lastKnownFileType = sourcecode.swift; path = ViewController.swift; sourceTree = "<group>"; };
		E7D86AE72BF08C30001550ED /* Base */ = {isa = PBXFileReference; lastKnownFileType = file.storyboard; name = Base; path = Base.lproj/Main.storyboard; sourceTree = "<group>"; };
		E7D86AEA2BF08C30001550ED /* NewsApp.xcdatamodel */ = {isa = PBXFileReference; lastKnownFileType = wrapper.xcdatamodel; path = NewsApp.xcdatamodel; sourceTree = "<group>"; };
		E7D86AEC2BF08C32001550ED /* Assets.xcassets */ = {isa = PBXFileReference; lastKnownFileType = folder.assetcatalog; path = Assets.xcassets; sourceTree = "<group>"; };
		E7D86AEF2BF08C32001550ED /* Base */ = {isa = PBXFileReference; lastKnownFileType = file.storyboard; name = Base; path = Base.lproj/LaunchScreen.storyboard; sourceTree = "<group>"; };
		E7D86AF12BF08C32001550ED /* Info.plist */ = {isa = PBXFileReference; lastKnownFileType = text.plist.xml; path = Info.plist; sourceTree = "<group>"; };
		E7D86AF62BF08C32001550ED /* NewsAppTests.xctest */ = {isa = PBXFileReference; explicitFileType = wrapper.cfbundle; includeInIndex = 0; path = NewsAppTests.xctest; sourceTree = BUILT_PRODUCTS_DIR; };
		E7D86AFA2BF08C32001550ED /* NewsAppTests.swift */ = {isa = PBXFileReference; lastKnownFileType = sourcecode.swift; path = NewsAppTests.swift; sourceTree = "<group>"; };
		E7D86B002BF08C32001550ED /* NewsAppUITests.xctest */ = {isa = PBXFileReference; explicitFileType = wrapper.cfbundle; includeInIndex = 0; path = NewsAppUITests.xctest; sourceTree = BUILT_PRODUCTS_DIR; };
		E7D86B042BF08C32001550ED /* NewsAppUITests.swift */ = {isa = PBXFileReference; lastKnownFileType = sourcecode.swift; path = NewsAppUITests.swift; sourceTree = "<group>"; };
		E7D86B062BF08C32001550ED /* NewsAppUITestsLaunchTests.swift */ = {isa = PBXFileReference; lastKnownFileType = sourcecode.swift; path = NewsAppUITestsLaunchTests.swift; sourceTree = "<group>"; };
		E7D86B132BF08D30001550ED /* UIImageTransformer.swift */ = {isa = PBXFileReference; lastKnownFileType = sourcecode.swift; path = UIImageTransformer.swift; sourceTree = "<group>"; };
		E7D86B152BF08D50001550ED /* CoreDataManager.swift */ = {isa = PBXFileReference; lastKnownFileType = sourcecode.swift; path = CoreDataManager.swift; sourceTree = "<group>"; };
		E7D86B172BF08D81001550ED /* CachedImage.swift */ = {isa = PBXFileReference; lastKnownFileType = sourcecode.swift; path = CachedImage.swift; sourceTree = "<group>"; };
		E7D86B192BF08EC1001550ED /* NewsListViewController.swift */ = {isa = PBXFileReference; lastKnownFileType = sourcecode.swift; path = NewsListViewController.swift; sourceTree = "<group>"; };
		E7D86B282BF08F9A001550ED /* NewsListViewModel.swift */ = {isa = PBXFileReference; lastKnownFileType = sourcecode.swift; path = NewsListViewModel.swift; sourceTree = "<group>"; };
		E7D86B2A2BF08FB6001550ED /* NewsListDataSource.swift */ = {isa = PBXFileReference; lastKnownFileType = sourcecode.swift; path = NewsListDataSource.swift; sourceTree = "<group>"; };
		E7D86B2C2BF08FD1001550ED /* NewsListSection.swift */ = {isa = PBXFileReference; lastKnownFileType = sourcecode.swift; path = NewsListSection.swift; sourceTree = "<group>"; };
		E7D86B2E2BF08FEC001550ED /* NewsListSectionItem.swift */ = {isa = PBXFileReference; lastKnownFileType = sourcecode.swift; path = NewsListSectionItem.swift; sourceTree = "<group>"; };
		E7D86B302BF09005001550ED /* NewsListModel.swift */ = {isa = PBXFileReference; lastKnownFileType = sourcecode.swift; path = NewsListModel.swift; sourceTree = "<group>"; };
		E7D86B322BF0901C001550ED /* NewsIdentifiable.swift */ = {isa = PBXFileReference; lastKnownFileType = sourcecode.swift; path = NewsIdentifiable.swift; sourceTree = "<group>"; };
		E7D86B342BF090DD001550ED /* NewsItemCell.swift */ = {isa = PBXFileReference; lastKnownFileType = sourcecode.swift; path = NewsItemCell.swift; sourceTree = "<group>"; };
		E7D86B362BF09122001550ED /* PaddingItemCell.swift */ = {isa = PBXFileReference; lastKnownFileType = sourcecode.swift; path = PaddingItemCell.swift; sourceTree = "<group>"; };
		E7D86B382BF092CE001550ED /* ViewModelType.swift */ = {isa = PBXFileReference; lastKnownFileType = sourcecode.swift; path = ViewModelType.swift; sourceTree = "<group>"; };
		E7D86B482BF096BB001550ED /* NetworkService.swift */ = {isa = PBXFileReference; lastKnownFileType = sourcecode.swift; path = NetworkService.swift; sourceTree = "<group>"; };
		E7D86B4A2BF09A1C001550ED /* APIType.swift */ = {isa = PBXFileReference; lastKnownFileType = sourcecode.swift; path = APIType.swift; sourceTree = "<group>"; };
		E7D86B4C2BF09A72001550ED /* DefaultNewsListRepository.swift */ = {isa = PBXFileReference; lastKnownFileType = sourcecode.swift; path = DefaultNewsListRepository.swift; sourceTree = "<group>"; };
		E7D86B502BF09AB6001550ED /* NewsListRepository.swift */ = {isa = PBXFileReference; lastKnownFileType = sourcecode.swift; path = NewsListRepository.swift; sourceTree = "<group>"; };
		E7D86B522BF0A0D6001550ED /* NetworkError.swift */ = {isa = PBXFileReference; lastKnownFileType = sourcecode.swift; path = NetworkError.swift; sourceTree = "<group>"; };
		E7D86B542BF0A2B6001550ED /* NewsListAPI.swift */ = {isa = PBXFileReference; lastKnownFileType = sourcecode.swift; path = NewsListAPI.swift; sourceTree = "<group>"; };
		E7D86B572BF0A58A001550ED /* NewsListResponseDTO+Mapping.swift */ = {isa = PBXFileReference; lastKnownFileType = sourcecode.swift; path = "NewsListResponseDTO+Mapping.swift"; sourceTree = "<group>"; };
/* End PBXFileReference section */

/* Begin PBXFrameworksBuildPhase section */
		E7D86ADA2BF08C30001550ED /* Frameworks */ = {
			isa = PBXFrameworksBuildPhase;
			buildActionMask = 2147483647;
			files = (
				E7D86B272BF08F60001550ED /* Then in Frameworks */,
				E7D86B1D2BF08F34001550ED /* FlexLayout in Frameworks */,
				E7D86B1F2BF08F34001550ED /* FlexLayoutYoga in Frameworks */,
				E7D86B242BF08F4F001550ED /* PinLayout in Frameworks */,
				E7D86B212BF08F34001550ED /* FlexLayoutYogaKit in Frameworks */,
			);
			runOnlyForDeploymentPostprocessing = 0;
		};
		E7D86AF32BF08C32001550ED /* Frameworks */ = {
			isa = PBXFrameworksBuildPhase;
			buildActionMask = 2147483647;
			files = (
			);
			runOnlyForDeploymentPostprocessing = 0;
		};
		E7D86AFD2BF08C32001550ED /* Frameworks */ = {
			isa = PBXFrameworksBuildPhase;
			buildActionMask = 2147483647;
			files = (
			);
			runOnlyForDeploymentPostprocessing = 0;
		};
/* End PBXFrameworksBuildPhase section */

/* Begin PBXGroup section */
		E7D86AD42BF08C30001550ED = {
			isa = PBXGroup;
			children = (
				E7D86ADF2BF08C30001550ED /* NewsApp */,
				E7D86AF92BF08C32001550ED /* NewsAppTests */,
				E7D86B032BF08C32001550ED /* NewsAppUITests */,
				E7D86ADE2BF08C30001550ED /* Products */,
			);
			sourceTree = "<group>";
		};
		E7D86ADE2BF08C30001550ED /* Products */ = {
			isa = PBXGroup;
			children = (
				E7D86ADD2BF08C30001550ED /* NewsApp.app */,
				E7D86AF62BF08C32001550ED /* NewsAppTests.xctest */,
				E7D86B002BF08C32001550ED /* NewsAppUITests.xctest */,
			);
			name = Products;
			sourceTree = "<group>";
		};
		E7D86ADF2BF08C30001550ED /* NewsApp */ = {
			isa = PBXGroup;
			children = (
				E7D86B472BF09659001550ED /* Networking */,
				E7D86B432BF0950B001550ED /* Data */,
				E7D86B422BF09502001550ED /* Domain */,
				E7D86B3A2BF09431001550ED /* Presentation */,
				E7D86AE02BF08C30001550ED /* AppDelegate.swift */,
				E7D86AE22BF08C30001550ED /* SceneDelegate.swift */,
				E7D86AE42BF08C30001550ED /* ViewController.swift */,
				E7D86AE62BF08C30001550ED /* Main.storyboard */,
				E7D86AEC2BF08C32001550ED /* Assets.xcassets */,
				E7D86AEE2BF08C32001550ED /* LaunchScreen.storyboard */,
				E7D86AF12BF08C32001550ED /* Info.plist */,
				E7D86AE92BF08C30001550ED /* NewsApp.xcdatamodeld */,
				E7D86B132BF08D30001550ED /* UIImageTransformer.swift */,
				E7D86B152BF08D50001550ED /* CoreDataManager.swift */,
				E7D86B172BF08D81001550ED /* CachedImage.swift */,
				E7D86B382BF092CE001550ED /* ViewModelType.swift */,
			);
			path = NewsApp;
			sourceTree = "<group>";
		};
		E7D86AF92BF08C32001550ED /* NewsAppTests */ = {
			isa = PBXGroup;
			children = (
				E7D86AFA2BF08C32001550ED /* NewsAppTests.swift */,
			);
			path = NewsAppTests;
			sourceTree = "<group>";
		};
		E7D86B032BF08C32001550ED /* NewsAppUITests */ = {
			isa = PBXGroup;
			children = (
				E7D86B042BF08C32001550ED /* NewsAppUITests.swift */,
				E7D86B062BF08C32001550ED /* NewsAppUITestsLaunchTests.swift */,
			);
			path = NewsAppUITests;
			sourceTree = "<group>";
		};
		E7D86B3A2BF09431001550ED /* Presentation */ = {
			isa = PBXGroup;
			children = (
				E7D86B3F2BF0949E001550ED /* Common */,
				E7D86B3B2BF09446001550ED /* NewsList */,
			);
			path = Presentation;
			sourceTree = "<group>";
		};
		E7D86B3B2BF09446001550ED /* NewsList */ = {
			isa = PBXGroup;
			children = (
				E7D86B3E2BF0947E001550ED /* ViewModel */,
				E7D86B3D2BF09478001550ED /* View */,
				E7D86B3C2BF0945D001550ED /* DataSource */,
			);
			path = NewsList;
			sourceTree = "<group>";
		};
		E7D86B3C2BF0945D001550ED /* DataSource */ = {
			isa = PBXGroup;
			children = (
				E7D86B2A2BF08FB6001550ED /* NewsListDataSource.swift */,
				E7D86B2C2BF08FD1001550ED /* NewsListSection.swift */,
				E7D86B2E2BF08FEC001550ED /* NewsListSectionItem.swift */,
			);
			path = DataSource;
			sourceTree = "<group>";
		};
		E7D86B3D2BF09478001550ED /* View */ = {
			isa = PBXGroup;
			children = (
				E7D86B412BF094E6001550ED /* Cell */,
				E7D86B192BF08EC1001550ED /* NewsListViewController.swift */,
			);
			path = View;
			sourceTree = "<group>";
		};
		E7D86B3E2BF0947E001550ED /* ViewModel */ = {
			isa = PBXGroup;
			children = (
				E7D86B282BF08F9A001550ED /* NewsListViewModel.swift */,
			);
			path = ViewModel;
			sourceTree = "<group>";
		};
		E7D86B3F2BF0949E001550ED /* Common */ = {
			isa = PBXGroup;
			children = (
				E7D86B402BF094AB001550ED /* Cell */,
			);
			path = Common;
			sourceTree = "<group>";
		};
		E7D86B402BF094AB001550ED /* Cell */ = {
			isa = PBXGroup;
			children = (
				E7D86B362BF09122001550ED /* PaddingItemCell.swift */,
			);
			path = Cell;
			sourceTree = "<group>";
		};
		E7D86B412BF094E6001550ED /* Cell */ = {
			isa = PBXGroup;
			children = (
				E7D86B342BF090DD001550ED /* NewsItemCell.swift */,
			);
			path = Cell;
			sourceTree = "<group>";
		};
		E7D86B422BF09502001550ED /* Domain */ = {
			isa = PBXGroup;
			children = (
				E7D86B4E2BF09A8E001550ED /* Interfaces */,
				E7D86B442BF09527001550ED /* Entities */,
			);
			path = Domain;
			sourceTree = "<group>";
		};
		E7D86B432BF0950B001550ED /* Data */ = {
			isa = PBXGroup;
			children = (
				E7D86B462BF0963E001550ED /* Network */,
				E7D86B452BF0962A001550ED /* Repositories */,
			);
			path = Data;
			sourceTree = "<group>";
		};
		E7D86B442BF09527001550ED /* Entities */ = {
			isa = PBXGroup;
			children = (
				E7D86B302BF09005001550ED /* NewsListModel.swift */,
				E7D86B322BF0901C001550ED /* NewsIdentifiable.swift */,
			);
			path = Entities;
			sourceTree = "<group>";
		};
		E7D86B452BF0962A001550ED /* Repositories */ = {
			isa = PBXGroup;
			children = (
				E7D86B4C2BF09A72001550ED /* DefaultNewsListRepository.swift */,
			);
			path = Repositories;
			sourceTree = "<group>";
		};
		E7D86B462BF0963E001550ED /* Network */ = {
			isa = PBXGroup;
			children = (
				E7D86B562BF0A579001550ED /* DataMapping */,
				E7D86B4A2BF09A1C001550ED /* APIType.swift */,
				E7D86B542BF0A2B6001550ED /* NewsListAPI.swift */,
			);
			path = Network;
			sourceTree = "<group>";
		};
		E7D86B472BF09659001550ED /* Networking */ = {
			isa = PBXGroup;
			children = (
				E7D86B482BF096BB001550ED /* NetworkService.swift */,
				E7D86B522BF0A0D6001550ED /* NetworkError.swift */,
			);
			path = Networking;
			sourceTree = "<group>";
		};
		E7D86B4E2BF09A8E001550ED /* Interfaces */ = {
			isa = PBXGroup;
			children = (
				E7D86B4F2BF09AAA001550ED /* Repositories */,
			);
			path = Interfaces;
			sourceTree = "<group>";
		};
		E7D86B4F2BF09AAA001550ED /* Repositories */ = {
			isa = PBXGroup;
			children = (
				E7D86B502BF09AB6001550ED /* NewsListRepository.swift */,
			);
			path = Repositories;
			sourceTree = "<group>";
		};
		E7D86B562BF0A579001550ED /* DataMapping */ = {
			isa = PBXGroup;
			children = (
				E7D86B572BF0A58A001550ED /* NewsListResponseDTO+Mapping.swift */,
			);
			path = DataMapping;
			sourceTree = "<group>";
		};
/* End PBXGroup section */

/* Begin PBXNativeTarget section */
		E7D86ADC2BF08C30001550ED /* NewsApp */ = {
			isa = PBXNativeTarget;
			buildConfigurationList = E7D86B0A2BF08C32001550ED /* Build configuration list for PBXNativeTarget "NewsApp" */;
			buildPhases = (
				E7D86AD92BF08C30001550ED /* Sources */,
				E7D86ADA2BF08C30001550ED /* Frameworks */,
				E7D86ADB2BF08C30001550ED /* Resources */,
			);
			buildRules = (
			);
			dependencies = (
			);
			name = NewsApp;
			packageProductDependencies = (
				E7D86B1C2BF08F34001550ED /* FlexLayout */,
				E7D86B1E2BF08F34001550ED /* FlexLayoutYoga */,
				E7D86B202BF08F34001550ED /* FlexLayoutYogaKit */,
				E7D86B232BF08F4F001550ED /* PinLayout */,
				E7D86B262BF08F60001550ED /* Then */,
			);
			productName = NewsApp;
			productReference = E7D86ADD2BF08C30001550ED /* NewsApp.app */;
			productType = "com.apple.product-type.application";
		};
		E7D86AF52BF08C32001550ED /* NewsAppTests */ = {
			isa = PBXNativeTarget;
			buildConfigurationList = E7D86B0D2BF08C32001550ED /* Build configuration list for PBXNativeTarget "NewsAppTests" */;
			buildPhases = (
				E7D86AF22BF08C32001550ED /* Sources */,
				E7D86AF32BF08C32001550ED /* Frameworks */,
				E7D86AF42BF08C32001550ED /* Resources */,
			);
			buildRules = (
			);
			dependencies = (
				E7D86AF82BF08C32001550ED /* PBXTargetDependency */,
			);
			name = NewsAppTests;
			productName = NewsAppTests;
			productReference = E7D86AF62BF08C32001550ED /* NewsAppTests.xctest */;
			productType = "com.apple.product-type.bundle.unit-test";
		};
		E7D86AFF2BF08C32001550ED /* NewsAppUITests */ = {
			isa = PBXNativeTarget;
			buildConfigurationList = E7D86B102BF08C32001550ED /* Build configuration list for PBXNativeTarget "NewsAppUITests" */;
			buildPhases = (
				E7D86AFC2BF08C32001550ED /* Sources */,
				E7D86AFD2BF08C32001550ED /* Frameworks */,
				E7D86AFE2BF08C32001550ED /* Resources */,
			);
			buildRules = (
			);
			dependencies = (
				E7D86B022BF08C32001550ED /* PBXTargetDependency */,
			);
			name = NewsAppUITests;
			productName = NewsAppUITests;
			productReference = E7D86B002BF08C32001550ED /* NewsAppUITests.xctest */;
			productType = "com.apple.product-type.bundle.ui-testing";
		};
/* End PBXNativeTarget section */

/* Begin PBXProject section */
		E7D86AD52BF08C30001550ED /* Project object */ = {
			isa = PBXProject;
			attributes = {
				BuildIndependentTargetsInParallel = 1;
				LastSwiftUpdateCheck = 1520;
				LastUpgradeCheck = 1520;
				TargetAttributes = {
					E7D86ADC2BF08C30001550ED = {
						CreatedOnToolsVersion = 15.2;
					};
					E7D86AF52BF08C32001550ED = {
						CreatedOnToolsVersion = 15.2;
						TestTargetID = E7D86ADC2BF08C30001550ED;
					};
					E7D86AFF2BF08C32001550ED = {
						CreatedOnToolsVersion = 15.2;
						TestTargetID = E7D86ADC2BF08C30001550ED;
					};
				};
			};
			buildConfigurationList = E7D86AD82BF08C30001550ED /* Build configuration list for PBXProject "NewsApp" */;
			compatibilityVersion = "Xcode 14.0";
			developmentRegion = en;
			hasScannedForEncodings = 0;
			knownRegions = (
				en,
				Base,
			);
			mainGroup = E7D86AD42BF08C30001550ED;
			packageReferences = (
				E7D86B1B2BF08F34001550ED /* XCRemoteSwiftPackageReference "FlexLayout" */,
				E7D86B222BF08F4E001550ED /* XCRemoteSwiftPackageReference "PinLayout" */,
				E7D86B252BF08F60001550ED /* XCRemoteSwiftPackageReference "Then" */,
			);
			productRefGroup = E7D86ADE2BF08C30001550ED /* Products */;
			projectDirPath = "";
			projectRoot = "";
			targets = (
				E7D86ADC2BF08C30001550ED /* NewsApp */,
				E7D86AF52BF08C32001550ED /* NewsAppTests */,
				E7D86AFF2BF08C32001550ED /* NewsAppUITests */,
			);
		};
/* End PBXProject section */

/* Begin PBXResourcesBuildPhase section */
		E7D86ADB2BF08C30001550ED /* Resources */ = {
			isa = PBXResourcesBuildPhase;
			buildActionMask = 2147483647;
			files = (
				E7D86AF02BF08C32001550ED /* LaunchScreen.storyboard in Resources */,
				E7D86AED2BF08C32001550ED /* Assets.xcassets in Resources */,
				E7D86AE82BF08C30001550ED /* Main.storyboard in Resources */,
			);
			runOnlyForDeploymentPostprocessing = 0;
		};
		E7D86AF42BF08C32001550ED /* Resources */ = {
			isa = PBXResourcesBuildPhase;
			buildActionMask = 2147483647;
			files = (
			);
			runOnlyForDeploymentPostprocessing = 0;
		};
		E7D86AFE2BF08C32001550ED /* Resources */ = {
			isa = PBXResourcesBuildPhase;
			buildActionMask = 2147483647;
			files = (
			);
			runOnlyForDeploymentPostprocessing = 0;
		};
/* End PBXResourcesBuildPhase section */

/* Begin PBXSourcesBuildPhase section */
		E7D86AD92BF08C30001550ED /* Sources */ = {
			isa = PBXSourcesBuildPhase;
			buildActionMask = 2147483647;
			files = (
				E7D86B162BF08D50001550ED /* CoreDataManager.swift in Sources */,
				E7D86B4B2BF09A1C001550ED /* APIType.swift in Sources */,
				E7D86B2B2BF08FB6001550ED /* NewsListDataSource.swift in Sources */,
				E7D86AE52BF08C30001550ED /* ViewController.swift in Sources */,
				E7D86B292BF08F9A001550ED /* NewsListViewModel.swift in Sources */,
				E7D86B492BF096BB001550ED /* NetworkService.swift in Sources */,
				E7D86B582BF0A58A001550ED /* NewsListResponseDTO+Mapping.swift in Sources */,
				E7D86B352BF090DD001550ED /* NewsItemCell.swift in Sources */,
				E7D86AE12BF08C30001550ED /* AppDelegate.swift in Sources */,
				E7D86B4D2BF09A72001550ED /* DefaultNewsListRepository.swift in Sources */,
				E7D86B532BF0A0D6001550ED /* NetworkError.swift in Sources */,
				E7D86B372BF09122001550ED /* PaddingItemCell.swift in Sources */,
				E7D86B2F2BF08FEC001550ED /* NewsListSectionItem.swift in Sources */,
				E7D86B182BF08D81001550ED /* CachedImage.swift in Sources */,
				E7D86AEB2BF08C30001550ED /* NewsApp.xcdatamodeld in Sources */,
				E7D86B392BF092CE001550ED /* ViewModelType.swift in Sources */,
				E7D86AE32BF08C30001550ED /* SceneDelegate.swift in Sources */,
				E7D86B142BF08D30001550ED /* UIImageTransformer.swift in Sources */,
				E7D86B552BF0A2B6001550ED /* NewsListAPI.swift in Sources */,
				E7D86B332BF0901C001550ED /* NewsIdentifiable.swift in Sources */,
				E7D86B1A2BF08EC1001550ED /* NewsListViewController.swift in Sources */,
				E7D86B312BF09005001550ED /* NewsListModel.swift in Sources */,
				E7D86B512BF09AB6001550ED /* NewsListRepository.swift in Sources */,
				E7D86B2D2BF08FD1001550ED /* NewsListSection.swift in Sources */,
			);
			runOnlyForDeploymentPostprocessing = 0;
		};
		E7D86AF22BF08C32001550ED /* Sources */ = {
			isa = PBXSourcesBuildPhase;
			buildActionMask = 2147483647;
			files = (
				E7D86AFB2BF08C32001550ED /* NewsAppTests.swift in Sources */,
			);
			runOnlyForDeploymentPostprocessing = 0;
		};
		E7D86AFC2BF08C32001550ED /* Sources */ = {
			isa = PBXSourcesBuildPhase;
			buildActionMask = 2147483647;
			files = (
				E7D86B052BF08C32001550ED /* NewsAppUITests.swift in Sources */,
				E7D86B072BF08C32001550ED /* NewsAppUITestsLaunchTests.swift in Sources */,
			);
			runOnlyForDeploymentPostprocessing = 0;
		};
/* End PBXSourcesBuildPhase section */

/* Begin PBXTargetDependency section */
		E7D86AF82BF08C32001550ED /* PBXTargetDependency */ = {
			isa = PBXTargetDependency;
			target = E7D86ADC2BF08C30001550ED /* NewsApp */;
			targetProxy = E7D86AF72BF08C32001550ED /* PBXContainerItemProxy */;
		};
		E7D86B022BF08C32001550ED /* PBXTargetDependency */ = {
			isa = PBXTargetDependency;
			target = E7D86ADC2BF08C30001550ED /* NewsApp */;
			targetProxy = E7D86B012BF08C32001550ED /* PBXContainerItemProxy */;
		};
/* End PBXTargetDependency section */

/* Begin PBXVariantGroup section */
		E7D86AE62BF08C30001550ED /* Main.storyboard */ = {
			isa = PBXVariantGroup;
			children = (
				E7D86AE72BF08C30001550ED /* Base */,
			);
			name = Main.storyboard;
			sourceTree = "<group>";
		};
		E7D86AEE2BF08C32001550ED /* LaunchScreen.storyboard */ = {
			isa = PBXVariantGroup;
			children = (
				E7D86AEF2BF08C32001550ED /* Base */,
			);
			name = LaunchScreen.storyboard;
			sourceTree = "<group>";
		};
/* End PBXVariantGroup section */

/* Begin XCBuildConfiguration section */
		E7D86B082BF08C32001550ED /* Debug */ = {
			isa = XCBuildConfiguration;
			buildSettings = {
				ALWAYS_SEARCH_USER_PATHS = NO;
				ASSETCATALOG_COMPILER_GENERATE_SWIFT_ASSET_SYMBOL_EXTENSIONS = YES;
				CLANG_ANALYZER_NONNULL = YES;
				CLANG_ANALYZER_NUMBER_OBJECT_CONVERSION = YES_AGGRESSIVE;
				CLANG_CXX_LANGUAGE_STANDARD = "gnu++20";
				CLANG_ENABLE_MODULES = YES;
				CLANG_ENABLE_OBJC_ARC = YES;
				CLANG_ENABLE_OBJC_WEAK = YES;
				CLANG_WARN_BLOCK_CAPTURE_AUTORELEASING = YES;
				CLANG_WARN_BOOL_CONVERSION = YES;
				CLANG_WARN_COMMA = YES;
				CLANG_WARN_CONSTANT_CONVERSION = YES;
				CLANG_WARN_DEPRECATED_OBJC_IMPLEMENTATIONS = YES;
				CLANG_WARN_DIRECT_OBJC_ISA_USAGE = YES_ERROR;
				CLANG_WARN_DOCUMENTATION_COMMENTS = YES;
				CLANG_WARN_EMPTY_BODY = YES;
				CLANG_WARN_ENUM_CONVERSION = YES;
				CLANG_WARN_INFINITE_RECURSION = YES;
				CLANG_WARN_INT_CONVERSION = YES;
				CLANG_WARN_NON_LITERAL_NULL_CONVERSION = YES;
				CLANG_WARN_OBJC_IMPLICIT_RETAIN_SELF = YES;
				CLANG_WARN_OBJC_LITERAL_CONVERSION = YES;
				CLANG_WARN_OBJC_ROOT_CLASS = YES_ERROR;
				CLANG_WARN_QUOTED_INCLUDE_IN_FRAMEWORK_HEADER = YES;
				CLANG_WARN_RANGE_LOOP_ANALYSIS = YES;
				CLANG_WARN_STRICT_PROTOTYPES = YES;
				CLANG_WARN_SUSPICIOUS_MOVE = YES;
				CLANG_WARN_UNGUARDED_AVAILABILITY = YES_AGGRESSIVE;
				CLANG_WARN_UNREACHABLE_CODE = YES;
				CLANG_WARN__DUPLICATE_METHOD_MATCH = YES;
				COPY_PHASE_STRIP = NO;
				DEBUG_INFORMATION_FORMAT = dwarf;
				ENABLE_STRICT_OBJC_MSGSEND = YES;
				ENABLE_TESTABILITY = YES;
				ENABLE_USER_SCRIPT_SANDBOXING = YES;
				GCC_C_LANGUAGE_STANDARD = gnu17;
				GCC_DYNAMIC_NO_PIC = NO;
				GCC_NO_COMMON_BLOCKS = YES;
				GCC_OPTIMIZATION_LEVEL = 0;
				GCC_PREPROCESSOR_DEFINITIONS = (
					"DEBUG=1",
					"$(inherited)",
				);
				GCC_WARN_64_TO_32_BIT_CONVERSION = YES;
				GCC_WARN_ABOUT_RETURN_TYPE = YES_ERROR;
				GCC_WARN_UNDECLARED_SELECTOR = YES;
				GCC_WARN_UNINITIALIZED_AUTOS = YES_AGGRESSIVE;
				GCC_WARN_UNUSED_FUNCTION = YES;
				GCC_WARN_UNUSED_VARIABLE = YES;
				IPHONEOS_DEPLOYMENT_TARGET = 17.2;
				LOCALIZATION_PREFERS_STRING_CATALOGS = YES;
				MTL_ENABLE_DEBUG_INFO = INCLUDE_SOURCE;
				MTL_FAST_MATH = YES;
				ONLY_ACTIVE_ARCH = YES;
				SDKROOT = iphoneos;
				SWIFT_ACTIVE_COMPILATION_CONDITIONS = "DEBUG $(inherited)";
				SWIFT_OPTIMIZATION_LEVEL = "-Onone";
			};
			name = Debug;
		};
		E7D86B092BF08C32001550ED /* Release */ = {
			isa = XCBuildConfiguration;
			buildSettings = {
				ALWAYS_SEARCH_USER_PATHS = NO;
				ASSETCATALOG_COMPILER_GENERATE_SWIFT_ASSET_SYMBOL_EXTENSIONS = YES;
				CLANG_ANALYZER_NONNULL = YES;
				CLANG_ANALYZER_NUMBER_OBJECT_CONVERSION = YES_AGGRESSIVE;
				CLANG_CXX_LANGUAGE_STANDARD = "gnu++20";
				CLANG_ENABLE_MODULES = YES;
				CLANG_ENABLE_OBJC_ARC = YES;
				CLANG_ENABLE_OBJC_WEAK = YES;
				CLANG_WARN_BLOCK_CAPTURE_AUTORELEASING = YES;
				CLANG_WARN_BOOL_CONVERSION = YES;
				CLANG_WARN_COMMA = YES;
				CLANG_WARN_CONSTANT_CONVERSION = YES;
				CLANG_WARN_DEPRECATED_OBJC_IMPLEMENTATIONS = YES;
				CLANG_WARN_DIRECT_OBJC_ISA_USAGE = YES_ERROR;
				CLANG_WARN_DOCUMENTATION_COMMENTS = YES;
				CLANG_WARN_EMPTY_BODY = YES;
				CLANG_WARN_ENUM_CONVERSION = YES;
				CLANG_WARN_INFINITE_RECURSION = YES;
				CLANG_WARN_INT_CONVERSION = YES;
				CLANG_WARN_NON_LITERAL_NULL_CONVERSION = YES;
				CLANG_WARN_OBJC_IMPLICIT_RETAIN_SELF = YES;
				CLANG_WARN_OBJC_LITERAL_CONVERSION = YES;
				CLANG_WARN_OBJC_ROOT_CLASS = YES_ERROR;
				CLANG_WARN_QUOTED_INCLUDE_IN_FRAMEWORK_HEADER = YES;
				CLANG_WARN_RANGE_LOOP_ANALYSIS = YES;
				CLANG_WARN_STRICT_PROTOTYPES = YES;
				CLANG_WARN_SUSPICIOUS_MOVE = YES;
				CLANG_WARN_UNGUARDED_AVAILABILITY = YES_AGGRESSIVE;
				CLANG_WARN_UNREACHABLE_CODE = YES;
				CLANG_WARN__DUPLICATE_METHOD_MATCH = YES;
				COPY_PHASE_STRIP = NO;
				DEBUG_INFORMATION_FORMAT = "dwarf-with-dsym";
				ENABLE_NS_ASSERTIONS = NO;
				ENABLE_STRICT_OBJC_MSGSEND = YES;
				ENABLE_USER_SCRIPT_SANDBOXING = YES;
				GCC_C_LANGUAGE_STANDARD = gnu17;
				GCC_NO_COMMON_BLOCKS = YES;
				GCC_WARN_64_TO_32_BIT_CONVERSION = YES;
				GCC_WARN_ABOUT_RETURN_TYPE = YES_ERROR;
				GCC_WARN_UNDECLARED_SELECTOR = YES;
				GCC_WARN_UNINITIALIZED_AUTOS = YES_AGGRESSIVE;
				GCC_WARN_UNUSED_FUNCTION = YES;
				GCC_WARN_UNUSED_VARIABLE = YES;
				IPHONEOS_DEPLOYMENT_TARGET = 17.2;
				LOCALIZATION_PREFERS_STRING_CATALOGS = YES;
				MTL_ENABLE_DEBUG_INFO = NO;
				MTL_FAST_MATH = YES;
				SDKROOT = iphoneos;
				SWIFT_COMPILATION_MODE = wholemodule;
				VALIDATE_PRODUCT = YES;
			};
			name = Release;
		};
		E7D86B0B2BF08C32001550ED /* Debug */ = {
			isa = XCBuildConfiguration;
			buildSettings = {
				ASSETCATALOG_COMPILER_APPICON_NAME = AppIcon;
				ASSETCATALOG_COMPILER_GLOBAL_ACCENT_COLOR_NAME = AccentColor;
				CODE_SIGN_STYLE = Automatic;
				CURRENT_PROJECT_VERSION = 1;
				GCC_PREPROCESSOR_DEFINITIONS = (
					"DEBUG=1",
					"$(inherited)",
					"FLEXLAYOUT_SWIFT_PACKAGE=1",
				);
				GENERATE_INFOPLIST_FILE = YES;
				INFOPLIST_FILE = NewsApp/Info.plist;
				INFOPLIST_KEY_UIApplicationSupportsIndirectInputEvents = YES;
				INFOPLIST_KEY_UILaunchStoryboardName = LaunchScreen;
				INFOPLIST_KEY_UIMainStoryboardFile = Main;
				INFOPLIST_KEY_UISupportedInterfaceOrientations_iPad = "UIInterfaceOrientationPortrait UIInterfaceOrientationPortraitUpsideDown UIInterfaceOrientationLandscapeLeft UIInterfaceOrientationLandscapeRight";
				INFOPLIST_KEY_UISupportedInterfaceOrientations_iPhone = "UIInterfaceOrientationPortrait UIInterfaceOrientationLandscapeLeft UIInterfaceOrientationLandscapeRight";
				LD_RUNPATH_SEARCH_PATHS = (
					"$(inherited)",
					"@executable_path/Frameworks",
				);
				MARKETING_VERSION = 1.0;
				PRODUCT_BUNDLE_IDENTIFIER = you.newsApp.NewsApp;
				PRODUCT_NAME = "$(TARGET_NAME)";
				SWIFT_EMIT_LOC_STRINGS = YES;
				SWIFT_VERSION = 5.0;
				TARGETED_DEVICE_FAMILY = "1,2";
			};
			name = Debug;
		};
		E7D86B0C2BF08C32001550ED /* Release */ = {
			isa = XCBuildConfiguration;
			buildSettings = {
				ASSETCATALOG_COMPILER_APPICON_NAME = AppIcon;
				ASSETCATALOG_COMPILER_GLOBAL_ACCENT_COLOR_NAME = AccentColor;
				CODE_SIGN_STYLE = Automatic;
				CURRENT_PROJECT_VERSION = 1;
				GCC_PREPROCESSOR_DEFINITIONS = "FLEXLAYOUT_SWIFT_PACKAGE=1";
				GENERATE_INFOPLIST_FILE = YES;
				INFOPLIST_FILE = NewsApp/Info.plist;
				INFOPLIST_KEY_UIApplicationSupportsIndirectInputEvents = YES;
				INFOPLIST_KEY_UILaunchStoryboardName = LaunchScreen;
				INFOPLIST_KEY_UIMainStoryboardFile = Main;
				INFOPLIST_KEY_UISupportedInterfaceOrientations_iPad = "UIInterfaceOrientationPortrait UIInterfaceOrientationPortraitUpsideDown UIInterfaceOrientationLandscapeLeft UIInterfaceOrientationLandscapeRight";
				INFOPLIST_KEY_UISupportedInterfaceOrientations_iPhone = "UIInterfaceOrientationPortrait UIInterfaceOrientationLandscapeLeft UIInterfaceOrientationLandscapeRight";
				LD_RUNPATH_SEARCH_PATHS = (
					"$(inherited)",
					"@executable_path/Frameworks",
				);
				MARKETING_VERSION = 1.0;
				PRODUCT_BUNDLE_IDENTIFIER = you.newsApp.NewsApp;
				PRODUCT_NAME = "$(TARGET_NAME)";
				SWIFT_EMIT_LOC_STRINGS = YES;
				SWIFT_VERSION = 5.0;
				TARGETED_DEVICE_FAMILY = "1,2";
			};
			name = Release;
		};
		E7D86B0E2BF08C32001550ED /* Debug */ = {
			isa = XCBuildConfiguration;
			buildSettings = {
				ALWAYS_EMBED_SWIFT_STANDARD_LIBRARIES = YES;
				BUNDLE_LOADER = "$(TEST_HOST)";
				CODE_SIGN_STYLE = Automatic;
				CURRENT_PROJECT_VERSION = 1;
				GENERATE_INFOPLIST_FILE = YES;
				IPHONEOS_DEPLOYMENT_TARGET = 17.2;
				MARKETING_VERSION = 1.0;
				PRODUCT_BUNDLE_IDENTIFIER = you.newsApp.NewsAppTests;
				PRODUCT_NAME = "$(TARGET_NAME)";
				SWIFT_EMIT_LOC_STRINGS = NO;
				SWIFT_VERSION = 5.0;
				TARGETED_DEVICE_FAMILY = "1,2";
				TEST_HOST = "$(BUILT_PRODUCTS_DIR)/NewsApp.app/$(BUNDLE_EXECUTABLE_FOLDER_PATH)/NewsApp";
			};
			name = Debug;
		};
		E7D86B0F2BF08C32001550ED /* Release */ = {
			isa = XCBuildConfiguration;
			buildSettings = {
				ALWAYS_EMBED_SWIFT_STANDARD_LIBRARIES = YES;
				BUNDLE_LOADER = "$(TEST_HOST)";
				CODE_SIGN_STYLE = Automatic;
				CURRENT_PROJECT_VERSION = 1;
				GENERATE_INFOPLIST_FILE = YES;
				IPHONEOS_DEPLOYMENT_TARGET = 17.2;
				MARKETING_VERSION = 1.0;
				PRODUCT_BUNDLE_IDENTIFIER = you.newsApp.NewsAppTests;
				PRODUCT_NAME = "$(TARGET_NAME)";
				SWIFT_EMIT_LOC_STRINGS = NO;
				SWIFT_VERSION = 5.0;
				TARGETED_DEVICE_FAMILY = "1,2";
				TEST_HOST = "$(BUILT_PRODUCTS_DIR)/NewsApp.app/$(BUNDLE_EXECUTABLE_FOLDER_PATH)/NewsApp";
			};
			name = Release;
		};
		E7D86B112BF08C32001550ED /* Debug */ = {
			isa = XCBuildConfiguration;
			buildSettings = {
				ALWAYS_EMBED_SWIFT_STANDARD_LIBRARIES = YES;
				CODE_SIGN_STYLE = Automatic;
				CURRENT_PROJECT_VERSION = 1;
				GENERATE_INFOPLIST_FILE = YES;
				MARKETING_VERSION = 1.0;
				PRODUCT_BUNDLE_IDENTIFIER = you.newsApp.NewsAppUITests;
				PRODUCT_NAME = "$(TARGET_NAME)";
				SWIFT_EMIT_LOC_STRINGS = NO;
				SWIFT_VERSION = 5.0;
				TARGETED_DEVICE_FAMILY = "1,2";
				TEST_TARGET_NAME = NewsApp;
			};
			name = Debug;
		};
		E7D86B122BF08C32001550ED /* Release */ = {
			isa = XCBuildConfiguration;
			buildSettings = {
				ALWAYS_EMBED_SWIFT_STANDARD_LIBRARIES = YES;
				CODE_SIGN_STYLE = Automatic;
				CURRENT_PROJECT_VERSION = 1;
				GENERATE_INFOPLIST_FILE = YES;
				MARKETING_VERSION = 1.0;
				PRODUCT_BUNDLE_IDENTIFIER = you.newsApp.NewsAppUITests;
				PRODUCT_NAME = "$(TARGET_NAME)";
				SWIFT_EMIT_LOC_STRINGS = NO;
				SWIFT_VERSION = 5.0;
				TARGETED_DEVICE_FAMILY = "1,2";
				TEST_TARGET_NAME = NewsApp;
			};
			name = Release;
		};
/* End XCBuildConfiguration section */

/* Begin XCConfigurationList section */
		E7D86AD82BF08C30001550ED /* Build configuration list for PBXProject "NewsApp" */ = {
			isa = XCConfigurationList;
			buildConfigurations = (
				E7D86B082BF08C32001550ED /* Debug */,
				E7D86B092BF08C32001550ED /* Release */,
			);
			defaultConfigurationIsVisible = 0;
			defaultConfigurationName = Release;
		};
		E7D86B0A2BF08C32001550ED /* Build configuration list for PBXNativeTarget "NewsApp" */ = {
			isa = XCConfigurationList;
			buildConfigurations = (
				E7D86B0B2BF08C32001550ED /* Debug */,
				E7D86B0C2BF08C32001550ED /* Release */,
			);
			defaultConfigurationIsVisible = 0;
			defaultConfigurationName = Release;
		};
		E7D86B0D2BF08C32001550ED /* Build configuration list for PBXNativeTarget "NewsAppTests" */ = {
			isa = XCConfigurationList;
			buildConfigurations = (
				E7D86B0E2BF08C32001550ED /* Debug */,
				E7D86B0F2BF08C32001550ED /* Release */,
			);
			defaultConfigurationIsVisible = 0;
			defaultConfigurationName = Release;
		};
		E7D86B102BF08C32001550ED /* Build configuration list for PBXNativeTarget "NewsAppUITests" */ = {
			isa = XCConfigurationList;
			buildConfigurations = (
				E7D86B112BF08C32001550ED /* Debug */,
				E7D86B122BF08C32001550ED /* Release */,
			);
			defaultConfigurationIsVisible = 0;
			defaultConfigurationName = Release;
		};
/* End XCConfigurationList section */

/* Begin XCRemoteSwiftPackageReference section */
		E7D86B1B2BF08F34001550ED /* XCRemoteSwiftPackageReference "FlexLayout" */ = {
			isa = XCRemoteSwiftPackageReference;
			repositoryURL = "https://github.com/layoutBox/FlexLayout.git";
			requirement = {
				kind = exactVersion;
				version = 2.0.3;
			};
		};
		E7D86B222BF08F4E001550ED /* XCRemoteSwiftPackageReference "PinLayout" */ = {
			isa = XCRemoteSwiftPackageReference;
			repositoryURL = "https://github.com/layoutBox/PinLayout";
			requirement = {
				kind = exactVersion;
				version = 1.9.4;
			};
		};
		E7D86B252BF08F60001550ED /* XCRemoteSwiftPackageReference "Then" */ = {
			isa = XCRemoteSwiftPackageReference;
			repositoryURL = "https://github.com/devxoul/Then.git";
			requirement = {
				kind = exactVersion;
				version = 3.0.0;
			};
		};
/* End XCRemoteSwiftPackageReference section */

/* Begin XCSwiftPackageProductDependency section */
		E7D86B1C2BF08F34001550ED /* FlexLayout */ = {
			isa = XCSwiftPackageProductDependency;
			package = E7D86B1B2BF08F34001550ED /* XCRemoteSwiftPackageReference "FlexLayout" */;
			productName = FlexLayout;
		};
		E7D86B1E2BF08F34001550ED /* FlexLayoutYoga */ = {
			isa = XCSwiftPackageProductDependency;
			package = E7D86B1B2BF08F34001550ED /* XCRemoteSwiftPackageReference "FlexLayout" */;
			productName = FlexLayoutYoga;
		};
		E7D86B202BF08F34001550ED /* FlexLayoutYogaKit */ = {
			isa = XCSwiftPackageProductDependency;
			package = E7D86B1B2BF08F34001550ED /* XCRemoteSwiftPackageReference "FlexLayout" */;
			productName = FlexLayoutYogaKit;
		};
		E7D86B232BF08F4F001550ED /* PinLayout */ = {
			isa = XCSwiftPackageProductDependency;
			package = E7D86B222BF08F4E001550ED /* XCRemoteSwiftPackageReference "PinLayout" */;
			productName = PinLayout;
		};
		E7D86B262BF08F60001550ED /* Then */ = {
			isa = XCSwiftPackageProductDependency;
			package = E7D86B252BF08F60001550ED /* XCRemoteSwiftPackageReference "Then" */;
			productName = Then;
		};
/* End XCSwiftPackageProductDependency section */

/* Begin XCVersionGroup section */
		E7D86AE92BF08C30001550ED /* NewsApp.xcdatamodeld */ = {
			isa = XCVersionGroup;
			children = (
				E7D86AEA2BF08C30001550ED /* NewsApp.xcdatamodel */,
			);
			currentVersion = E7D86AEA2BF08C30001550ED /* NewsApp.xcdatamodel */;
			path = NewsApp.xcdatamodeld;
			sourceTree = "<group>";
			versionGroupType = wrapper.xcdatamodel;
		};
/* End XCVersionGroup section */
	};
	rootObject = E7D86AD52BF08C30001550ED /* Project object */;
}
